{
  "version": "5",
  "specifiers": {
    "jsr:@midi-json-tools/json-midi-message-encoder@^2.0.1": "2.0.1",
    "jsr:@midi-json-tools/json-to-midi@^2.0.1": "2.0.1",
    "jsr:@midi-json-tools/midi-to-json@^2.0.1": "2.0.1",
    "jsr:@std/assert@0.226": "0.226.0",
    "jsr:@std/assert@^1.0.18": "1.0.18",
    "jsr:@std/cli@*": "0.224.5",
    "jsr:@std/cli@^1.0.27": "1.0.27",
    "jsr:@std/fmt@^1.0.9": "1.0.9",
    "jsr:@std/internal@^1.0.12": "1.0.12",
    "npm:@types/node@*": "24.2.0"
  },
  "jsr": {
    "@midi-json-tools/json-midi-message-encoder@2.0.1": {
      "integrity": "3170c1fd97db62bbf2f3fefc453cf6fc17a26c25192759dceff40af9e938a9c3"
    },
    "@midi-json-tools/json-to-midi@2.0.1": {
      "integrity": "c90b4cceaeda7e47b40e18fbb06e5ffa7b38b265cfee1b1224a60eb18286de71",
      "dependencies": [
        "jsr:@midi-json-tools/json-midi-message-encoder",
        "jsr:@midi-json-tools/midi-to-json"
      ]
    },
    "@midi-json-tools/midi-to-json@2.0.1": {
      "integrity": "621776c295bb3cc2de16864053620eb136f887927ab109d859acbf513db590a9"
    },
    "@std/assert@0.226.0": {
      "integrity": "0dfb5f7c7723c18cec118e080fec76ce15b4c31154b15ad2bd74822603ef75b3"
    },
    "@std/assert@1.0.18": {
      "integrity": "270245e9c2c13b446286de475131dc688ca9abcd94fc5db41d43a219b34d1c78",
      "dependencies": [
        "jsr:@std/internal"
      ]
    },
    "@std/cli@0.224.5": {
      "integrity": "79f1b02ac18f6c26de3eb33fe6458c02447eaa21b9be1db1b6efb907f02acd7a",
      "dependencies": [
        "jsr:@std/assert@0.226"
      ]
    },
    "@std/cli@1.0.27": {
      "integrity": "eba97edd0891871a7410e835dd94b3c260c709cca5983df2689c25a71fbe04de",
      "dependencies": [
        "jsr:@std/fmt",
        "jsr:@std/internal"
      ]
    },
    "@std/fmt@1.0.9": {
      "integrity": "2487343e8899fb2be5d0e3d35013e54477ada198854e52dd05ed0422eddcabe0"
    },
    "@std/internal@1.0.12": {
      "integrity": "972a634fd5bc34b242024402972cd5143eac68d8dffaca5eaa4dba30ce17b027"
    }
  },
  "npm": {
    "@types/node@24.2.0": {
      "integrity": "sha512-3xyG3pMCq3oYCNg7/ZP+E1ooTaGB4cG8JWRsqqOYQdbWNY4zbaV0Ennrd7stjiJEFZCaybcIgpTjJWHRfBSIDw==",
      "dependencies": [
        "undici-types"
      ]
    },
    "undici-types@7.10.0": {
      "integrity": "sha512-t5Fy/nfn+14LuOc2KNYg75vZqClpAiqscVvMygNnlsHBFpSXdJaYtXMcdNLpl/Qvc3P2cB3s6lOV51nqsFq4ag=="
    }
  },
  "workspace": {
    "dependencies": [
      "jsr:@midi-json-tools/json-to-midi@^2.0.1",
      "jsr:@midi-json-tools/midi-to-json@^2.0.1",
      "jsr:@std/assert@^1.0.18",
      "jsr:@std/cli@^1.0.27"
    ]
  }
}
